
Microsoft Visual Studio Solution File, Format Version 12.00
# Visual Studio Version 16
VisualStudioVersion = 16.0.31702.278
MinimumVisualStudioVersion = 10.0.40219.1
Project("{9A19103F-16F7-4668-BE54-9A1E7A4F7556}") = "01.ClassBoxData", "01.ClassBoxData\01.ClassBoxData.csproj", "{19AEB78C-E23C-43A4-B448-AC67BBC02713}"
EndProject
Project("{9A19103F-16F7-4668-BE54-9A1E7A4F7556}") = "02.AnimalFarm", "02.AnimalFarm\02.AnimalFarm.csproj", "{E5E770C8-5A72-4EF5-8FB0-BE5A62F75356}"
EndProject
Project("{9A19103F-16F7-4668-BE54-9A1E7A4F7556}") = "03.ShoppingSpree", "03.ShoppingSpree\03.ShoppingSpree.csproj", "{B7607B4F-6F4C-40B2-9000-81FB3D4F7D95}"
EndProject
Project("{FAE04EC0-301F-11D3-BF4B-00C04F79EFBC}") = "PizzaCalories", "PizzaCalories\PizzaCalories.csproj", "{B0F19666-B95A-4C75-AF59-BB45C168BCCD}"
EndProject
Project("{FAE04EC0-301F-11D3-BF4B-00C04F79EFBC}") = "05. FootballTeamGenerator", "05. FootballTeamGenerator\05. FootballTeamGenerator.csproj", "{DDEFC35A-6A87-4585-B8BB-9B9F3CD39413}"
EndProject
Global
	GlobalSection(SolutionConfigurationPlatforms) = preSolution
		Debug|Any CPU = Debug|Any CPU
		Release|Any CPU = Release|Any CPU
	EndGlobalSection
	GlobalSection(ProjectConfigurationPlatforms) = postSolution
		{19AEB78C-E23C-43A4-B448-AC67BBC02713}.Debug|Any CPU.ActiveCfg = Debug|Any CPU
		{19AEB78C-E23C-43A4-B448-AC67BBC02713}.Debug|Any CPU.Build.0 = Debug|Any CPU
		{19AEB78C-E23C-43A4-B448-AC67BBC02713}.Release|Any CPU.ActiveCfg = Release|Any CPU
		{19AEB78C-E23C-43A4-B448-AC67BBC02713}.Release|Any CPU.Build.0 = Release|Any CPU
		{E5E770C8-5A72-4EF5-8FB0-BE5A62F75356}.Debug|Any CPU.ActiveCfg = Debug|Any CPU
		{E5E770C8-5A72-4EF5-8FB0-BE5A62F75356}.Debug|Any CPU.Build.0 = Debug|Any CPU
		{E5E770C8-5A72-4EF5-8FB0-BE5A62F75356}.Release|Any CPU.ActiveCfg = Release|Any CPU
		{E5E770C8-5A72-4EF5-8FB0-BE5A62F75356}.Release|Any CPU.Build.0 = Release|Any CPU
		{B7607B4F-6F4C-40B2-9000-81FB3D4F7D95}.Debug|Any CPU.ActiveCfg = Debug|Any CPU
		{B7607B4F-6F4C-40B2-9000-81FB3D4F7D95}.Debug|Any CPU.Build.0 = Debug|Any CPU
		{B7607B4F-6F4C-40B2-9000-81FB3D4F7D95}.Release|Any CPU.ActiveCfg = Release|Any CPU
		{B7607B4F-6F4C-40B2-9000-81FB3D4F7D95}.Release|Any CPU.Build.0 = Release|Any CPU
		{B0F19666-B95A-4C75-AF59-BB45C168BCCD}.Debug|Any CPU.ActiveCfg = Debug|Any CPU
		{B0F19666-B95A-4C75-AF59-BB45C168BCCD}.Debug|Any CPU.Build.0 = Debug|Any CPU
		{B0F19666-B95A-4C75-AF59-BB45C168BCCD}.Release|Any CPU.ActiveCfg = Release|Any CPU
		{B0F19666-B95A-4C75-AF59-BB45C168BCCD}.Release|Any CPU.Build.0 = Release|Any CPU
		{DDEFC35A-6A87-4585-B8BB-9B9F3CD39413}.Debug|Any CPU.ActiveCfg = Debug|Any CPU
		{DDEFC35A-6A87-4585-B8BB-9B9F3CD39413}.Debug|Any CPU.Build.0 = Debug|Any CPU
		{DDEFC35A-6A87-4585-B8BB-9B9F3CD39413}.Release|Any CPU.ActiveCfg = Release|Any CPU
		{DDEFC35A-6A87-4585-B8BB-9B9F3CD39413}.Release|Any CPU.Build.0 = Release|Any CPU
	EndGlobalSection
	GlobalSection(SolutionProperties) = preSolution
		HideSolutionNode = FALSE
	EndGlobalSection
	GlobalSection(ExtensibilityGlobals) = postSolution
		SolutionGuid = {B26DA360-AA69-4CBD-A5B2-E49329E8D305}
	EndGlobalSection
EndGlobal
