
Microsoft Visual Studio Solution File, Format Version 12.00
# Visual Studio Version 16
VisualStudioVersion = 16.0.32228.343
MinimumVisualStudioVersion = 10.0.40219.1
Project("{9A19103F-16F7-4668-BE54-9A1E7A4F7556}") = "RealEstases.Data", "RealEstases.Data\RealEstases.Data.csproj", "{8E052E80-3443-4D9F-A5B7-66FA6BB7DBAE}"
EndProject
Project("{9A19103F-16F7-4668-BE54-9A1E7A4F7556}") = "RealEstases.Models", "RealEstases.Models\RealEstases.Models.csproj", "{9378BFD0-6636-4B56-B4C4-23F2A6D5AB4C}"
EndProject
Project("{9A19103F-16F7-4668-BE54-9A1E7A4F7556}") = "RealEstates.Importer", "RealEstates.Importer\RealEstates.Importer.csproj", "{353B9EF3-8188-4071-9FA2-D66C369CC65F}"
EndProject
Project("{9A19103F-16F7-4668-BE54-9A1E7A4F7556}") = "ConsoleApplication", "ConsoleApplication\ConsoleApplication.csproj", "{DF06BF8D-7311-487E-A75A-098215B73520}"
EndProject
Project("{9A19103F-16F7-4668-BE54-9A1E7A4F7556}") = "RealEstates.Services", "RealEstates.Services\RealEstates.Services.csproj", "{00DE38A8-9045-43EB-9EAE-974D2E0EBFD3}"
EndProject
Global
	GlobalSection(SolutionConfigurationPlatforms) = preSolution
		Debug|Any CPU = Debug|Any CPU
		Release|Any CPU = Release|Any CPU
	EndGlobalSection
	GlobalSection(ProjectConfigurationPlatforms) = postSolution
		{8E052E80-3443-4D9F-A5B7-66FA6BB7DBAE}.Debug|Any CPU.ActiveCfg = Debug|Any CPU
		{8E052E80-3443-4D9F-A5B7-66FA6BB7DBAE}.Debug|Any CPU.Build.0 = Debug|Any CPU
		{8E052E80-3443-4D9F-A5B7-66FA6BB7DBAE}.Release|Any CPU.ActiveCfg = Release|Any CPU
		{8E052E80-3443-4D9F-A5B7-66FA6BB7DBAE}.Release|Any CPU.Build.0 = Release|Any CPU
		{9378BFD0-6636-4B56-B4C4-23F2A6D5AB4C}.Debug|Any CPU.ActiveCfg = Debug|Any CPU
		{9378BFD0-6636-4B56-B4C4-23F2A6D5AB4C}.Debug|Any CPU.Build.0 = Debug|Any CPU
		{9378BFD0-6636-4B56-B4C4-23F2A6D5AB4C}.Release|Any CPU.ActiveCfg = Release|Any CPU
		{9378BFD0-6636-4B56-B4C4-23F2A6D5AB4C}.Release|Any CPU.Build.0 = Release|Any CPU
		{353B9EF3-8188-4071-9FA2-D66C369CC65F}.Debug|Any CPU.ActiveCfg = Debug|Any CPU
		{353B9EF3-8188-4071-9FA2-D66C369CC65F}.Debug|Any CPU.Build.0 = Debug|Any CPU
		{353B9EF3-8188-4071-9FA2-D66C369CC65F}.Release|Any CPU.ActiveCfg = Release|Any CPU
		{353B9EF3-8188-4071-9FA2-D66C369CC65F}.Release|Any CPU.Build.0 = Release|Any CPU
		{DF06BF8D-7311-487E-A75A-098215B73520}.Debug|Any CPU.ActiveCfg = Debug|Any CPU
		{DF06BF8D-7311-487E-A75A-098215B73520}.Debug|Any CPU.Build.0 = Debug|Any CPU
		{DF06BF8D-7311-487E-A75A-098215B73520}.Release|Any CPU.ActiveCfg = Release|Any CPU
		{DF06BF8D-7311-487E-A75A-098215B73520}.Release|Any CPU.Build.0 = Release|Any CPU
		{00DE38A8-9045-43EB-9EAE-974D2E0EBFD3}.Debug|Any CPU.ActiveCfg = Debug|Any CPU
		{00DE38A8-9045-43EB-9EAE-974D2E0EBFD3}.Debug|Any CPU.Build.0 = Debug|Any CPU
		{00DE38A8-9045-43EB-9EAE-974D2E0EBFD3}.Release|Any CPU.ActiveCfg = Release|Any CPU
		{00DE38A8-9045-43EB-9EAE-974D2E0EBFD3}.Release|Any CPU.Build.0 = Release|Any CPU
	EndGlobalSection
	GlobalSection(SolutionProperties) = preSolution
		HideSolutionNode = FALSE
	EndGlobalSection
	GlobalSection(ExtensibilityGlobals) = postSolution
		SolutionGuid = {085D939B-0237-44F0-8E32-FF08D00C0124}
	EndGlobalSection
EndGlobal
