
Microsoft Visual Studio Solution File, Format Version 12.00
# Visual Studio Version 16
VisualStudioVersion = 16.0.30621.155
MinimumVisualStudioVersion = 10.0.40219.1
Project("{9A19103F-16F7-4668-BE54-9A1E7A4F7556}") = "01. Define a Class Person", "01. Define a Class Person\01. Define a Class Person.csproj", "{1968D840-5449-444C-9DAD-15DD908D8A02}"
EndProject
Project("{9A19103F-16F7-4668-BE54-9A1E7A4F7556}") = "02. Creating Constructors", "02. Creating Constructors\02. Creating Constructors.csproj", "{D01906D6-64AC-45DD-B225-6E54A57509B7}"
EndProject
Project("{9A19103F-16F7-4668-BE54-9A1E7A4F7556}") = "03. Oldest Family Member", "03. Oldest Family Member\03. Oldest Family Member.csproj", "{E8885FC7-46AA-4328-AAFA-4BA9B9C4EE7C}"
EndProject
Project("{9A19103F-16F7-4668-BE54-9A1E7A4F7556}") = "04. Opinion Poll", "04. Opinion Poll\04. Opinion Poll.csproj", "{15B01B9B-8E75-4C76-B56A-96C599F49DD3}"
EndProject
Project("{9A19103F-16F7-4668-BE54-9A1E7A4F7556}") = "05. Date Modifier", "05. Date Modifier\05. Date Modifier.csproj", "{98D9D3F7-0450-4520-AEB7-EC6AC7D0C29C}"
EndProject
Project("{9A19103F-16F7-4668-BE54-9A1E7A4F7556}") = "06. Speed Racing", "06. Speed Racing\06. Speed Racing.csproj", "{AC4DC1AF-EB05-4E50-B157-64F9B39E2E13}"
EndProject
Project("{9A19103F-16F7-4668-BE54-9A1E7A4F7556}") = "07. Raw Data", "07. Raw Data\07. Raw Data.csproj", "{460D4C12-66A2-45AD-A757-B97A411E1D18}"
EndProject
Project("{9A19103F-16F7-4668-BE54-9A1E7A4F7556}") = "08. Car Salesman", "08. Car Salesman\08. Car Salesman.csproj", "{A2077574-AA56-409B-B8F1-448076DDEA40}"
EndProject
Project("{9A19103F-16F7-4668-BE54-9A1E7A4F7556}") = "09. Pokemon Trainer", "09. Pokemo Trainer\09. Pokemon Trainer.csproj", "{44C464B1-9AC1-412C-9C58-D6CFEE121EAE}"
EndProject
Project("{FAE04EC0-301F-11D3-BF4B-00C04F79EFBC}") = "10. SoftUni Parking", "10. SoftUni Parking\10. SoftUni Parking.csproj", "{623B2A72-447D-4E1D-8656-5C4450729C01}"
EndProject
Global
	GlobalSection(SolutionConfigurationPlatforms) = preSolution
		Debug|Any CPU = Debug|Any CPU
		Release|Any CPU = Release|Any CPU
	EndGlobalSection
	GlobalSection(ProjectConfigurationPlatforms) = postSolution
		{1968D840-5449-444C-9DAD-15DD908D8A02}.Debug|Any CPU.ActiveCfg = Debug|Any CPU
		{1968D840-5449-444C-9DAD-15DD908D8A02}.Debug|Any CPU.Build.0 = Debug|Any CPU
		{1968D840-5449-444C-9DAD-15DD908D8A02}.Release|Any CPU.ActiveCfg = Release|Any CPU
		{1968D840-5449-444C-9DAD-15DD908D8A02}.Release|Any CPU.Build.0 = Release|Any CPU
		{D01906D6-64AC-45DD-B225-6E54A57509B7}.Debug|Any CPU.ActiveCfg = Debug|Any CPU
		{D01906D6-64AC-45DD-B225-6E54A57509B7}.Debug|Any CPU.Build.0 = Debug|Any CPU
		{D01906D6-64AC-45DD-B225-6E54A57509B7}.Release|Any CPU.ActiveCfg = Release|Any CPU
		{D01906D6-64AC-45DD-B225-6E54A57509B7}.Release|Any CPU.Build.0 = Release|Any CPU
		{E8885FC7-46AA-4328-AAFA-4BA9B9C4EE7C}.Debug|Any CPU.ActiveCfg = Debug|Any CPU
		{E8885FC7-46AA-4328-AAFA-4BA9B9C4EE7C}.Debug|Any CPU.Build.0 = Debug|Any CPU
		{E8885FC7-46AA-4328-AAFA-4BA9B9C4EE7C}.Release|Any CPU.ActiveCfg = Release|Any CPU
		{E8885FC7-46AA-4328-AAFA-4BA9B9C4EE7C}.Release|Any CPU.Build.0 = Release|Any CPU
		{15B01B9B-8E75-4C76-B56A-96C599F49DD3}.Debug|Any CPU.ActiveCfg = Debug|Any CPU
		{15B01B9B-8E75-4C76-B56A-96C599F49DD3}.Debug|Any CPU.Build.0 = Debug|Any CPU
		{15B01B9B-8E75-4C76-B56A-96C599F49DD3}.Release|Any CPU.ActiveCfg = Release|Any CPU
		{15B01B9B-8E75-4C76-B56A-96C599F49DD3}.Release|Any CPU.Build.0 = Release|Any CPU
		{98D9D3F7-0450-4520-AEB7-EC6AC7D0C29C}.Debug|Any CPU.ActiveCfg = Debug|Any CPU
		{98D9D3F7-0450-4520-AEB7-EC6AC7D0C29C}.Debug|Any CPU.Build.0 = Debug|Any CPU
		{98D9D3F7-0450-4520-AEB7-EC6AC7D0C29C}.Release|Any CPU.ActiveCfg = Release|Any CPU
		{98D9D3F7-0450-4520-AEB7-EC6AC7D0C29C}.Release|Any CPU.Build.0 = Release|Any CPU
		{AC4DC1AF-EB05-4E50-B157-64F9B39E2E13}.Debug|Any CPU.ActiveCfg = Debug|Any CPU
		{AC4DC1AF-EB05-4E50-B157-64F9B39E2E13}.Debug|Any CPU.Build.0 = Debug|Any CPU
		{AC4DC1AF-EB05-4E50-B157-64F9B39E2E13}.Release|Any CPU.ActiveCfg = Release|Any CPU
		{AC4DC1AF-EB05-4E50-B157-64F9B39E2E13}.Release|Any CPU.Build.0 = Release|Any CPU
		{460D4C12-66A2-45AD-A757-B97A411E1D18}.Debug|Any CPU.ActiveCfg = Debug|Any CPU
		{460D4C12-66A2-45AD-A757-B97A411E1D18}.Debug|Any CPU.Build.0 = Debug|Any CPU
		{460D4C12-66A2-45AD-A757-B97A411E1D18}.Release|Any CPU.ActiveCfg = Release|Any CPU
		{460D4C12-66A2-45AD-A757-B97A411E1D18}.Release|Any CPU.Build.0 = Release|Any CPU
		{A2077574-AA56-409B-B8F1-448076DDEA40}.Debug|Any CPU.ActiveCfg = Debug|Any CPU
		{A2077574-AA56-409B-B8F1-448076DDEA40}.Debug|Any CPU.Build.0 = Debug|Any CPU
		{A2077574-AA56-409B-B8F1-448076DDEA40}.Release|Any CPU.ActiveCfg = Release|Any CPU
		{A2077574-AA56-409B-B8F1-448076DDEA40}.Release|Any CPU.Build.0 = Release|Any CPU
		{44C464B1-9AC1-412C-9C58-D6CFEE121EAE}.Debug|Any CPU.ActiveCfg = Debug|Any CPU
		{44C464B1-9AC1-412C-9C58-D6CFEE121EAE}.Debug|Any CPU.Build.0 = Debug|Any CPU
		{44C464B1-9AC1-412C-9C58-D6CFEE121EAE}.Release|Any CPU.ActiveCfg = Release|Any CPU
		{44C464B1-9AC1-412C-9C58-D6CFEE121EAE}.Release|Any CPU.Build.0 = Release|Any CPU
		{623B2A72-447D-4E1D-8656-5C4450729C01}.Debug|Any CPU.ActiveCfg = Debug|Any CPU
		{623B2A72-447D-4E1D-8656-5C4450729C01}.Debug|Any CPU.Build.0 = Debug|Any CPU
		{623B2A72-447D-4E1D-8656-5C4450729C01}.Release|Any CPU.ActiveCfg = Release|Any CPU
		{623B2A72-447D-4E1D-8656-5C4450729C01}.Release|Any CPU.Build.0 = Release|Any CPU
	EndGlobalSection
	GlobalSection(SolutionProperties) = preSolution
		HideSolutionNode = FALSE
	EndGlobalSection
	GlobalSection(ExtensibilityGlobals) = postSolution
		SolutionGuid = {E09B9F6D-142C-43D2-A2BC-9F9DD0D8BF28}
	EndGlobalSection
EndGlobal
