
Microsoft Visual Studio Solution File, Format Version 12.00
# Visual Studio Version 16
VisualStudioVersion = 16.0.31702.278
MinimumVisualStudioVersion = 10.0.40219.1
Project("{FAE04EC0-301F-11D3-BF4B-00C04F79EFBC}") = "01.ListyIterator", "ConsoleApp1\01.ListyIterator.csproj", "{74DBFABD-188F-4878-BF16-BE22CD4B4E4D}"
EndProject
Project("{FAE04EC0-301F-11D3-BF4B-00C04F79EFBC}") = "02.Collection", "02.Collection\02.Collection.csproj", "{60BF9DC7-E473-4AFD-8C41-2C628F4D1631}"
EndProject
Project("{FAE04EC0-301F-11D3-BF4B-00C04F79EFBC}") = "03.Stack", "03.Stack\03.Stack.csproj", "{6D7FFCCF-37B7-4939-B0A9-07BFF3218DCA}"
EndProject
Project("{FAE04EC0-301F-11D3-BF4B-00C04F79EFBC}") = "04.Froggy", "04.Froggy\04.Froggy.csproj", "{82B023F1-C0C4-4B41-9AC0-33F00B89AA85}"
EndProject
Project("{FAE04EC0-301F-11D3-BF4B-00C04F79EFBC}") = "05.Comparing Objects", "05.Comparing Objects\05.Comparing Objects.csproj", "{EED58603-0950-40D6-9510-8E7A510F88AD}"
EndProject
Project("{FAE04EC0-301F-11D3-BF4B-00C04F79EFBC}") = "06.Equality Logic", "06.Equality Logic\06.Equality Logic.csproj", "{281396EC-00B3-40A5-AB1B-BA45BAB4E4A6}"
EndProject
Project("{FAE04EC0-301F-11D3-BF4B-00C04F79EFBC}") = "Extended MyCustomList", "Extended MyCustomList\Extended MyCustomList.csproj", "{0CA81946-8FDB-4C03-98DE-9593D5D14F0E}"
EndProject
Global
	GlobalSection(SolutionConfigurationPlatforms) = preSolution
		Debug|Any CPU = Debug|Any CPU
		Release|Any CPU = Release|Any CPU
	EndGlobalSection
	GlobalSection(ProjectConfigurationPlatforms) = postSolution
		{74DBFABD-188F-4878-BF16-BE22CD4B4E4D}.Debug|Any CPU.ActiveCfg = Debug|Any CPU
		{74DBFABD-188F-4878-BF16-BE22CD4B4E4D}.Debug|Any CPU.Build.0 = Debug|Any CPU
		{74DBFABD-188F-4878-BF16-BE22CD4B4E4D}.Release|Any CPU.ActiveCfg = Release|Any CPU
		{74DBFABD-188F-4878-BF16-BE22CD4B4E4D}.Release|Any CPU.Build.0 = Release|Any CPU
		{60BF9DC7-E473-4AFD-8C41-2C628F4D1631}.Debug|Any CPU.ActiveCfg = Debug|Any CPU
		{60BF9DC7-E473-4AFD-8C41-2C628F4D1631}.Debug|Any CPU.Build.0 = Debug|Any CPU
		{60BF9DC7-E473-4AFD-8C41-2C628F4D1631}.Release|Any CPU.ActiveCfg = Release|Any CPU
		{60BF9DC7-E473-4AFD-8C41-2C628F4D1631}.Release|Any CPU.Build.0 = Release|Any CPU
		{6D7FFCCF-37B7-4939-B0A9-07BFF3218DCA}.Debug|Any CPU.ActiveCfg = Debug|Any CPU
		{6D7FFCCF-37B7-4939-B0A9-07BFF3218DCA}.Debug|Any CPU.Build.0 = Debug|Any CPU
		{6D7FFCCF-37B7-4939-B0A9-07BFF3218DCA}.Release|Any CPU.ActiveCfg = Release|Any CPU
		{6D7FFCCF-37B7-4939-B0A9-07BFF3218DCA}.Release|Any CPU.Build.0 = Release|Any CPU
		{82B023F1-C0C4-4B41-9AC0-33F00B89AA85}.Debug|Any CPU.ActiveCfg = Debug|Any CPU
		{82B023F1-C0C4-4B41-9AC0-33F00B89AA85}.Debug|Any CPU.Build.0 = Debug|Any CPU
		{82B023F1-C0C4-4B41-9AC0-33F00B89AA85}.Release|Any CPU.ActiveCfg = Release|Any CPU
		{82B023F1-C0C4-4B41-9AC0-33F00B89AA85}.Release|Any CPU.Build.0 = Release|Any CPU
		{EED58603-0950-40D6-9510-8E7A510F88AD}.Debug|Any CPU.ActiveCfg = Debug|Any CPU
		{EED58603-0950-40D6-9510-8E7A510F88AD}.Debug|Any CPU.Build.0 = Debug|Any CPU
		{EED58603-0950-40D6-9510-8E7A510F88AD}.Release|Any CPU.ActiveCfg = Release|Any CPU
		{EED58603-0950-40D6-9510-8E7A510F88AD}.Release|Any CPU.Build.0 = Release|Any CPU
		{281396EC-00B3-40A5-AB1B-BA45BAB4E4A6}.Debug|Any CPU.ActiveCfg = Debug|Any CPU
		{281396EC-00B3-40A5-AB1B-BA45BAB4E4A6}.Debug|Any CPU.Build.0 = Debug|Any CPU
		{281396EC-00B3-40A5-AB1B-BA45BAB4E4A6}.Release|Any CPU.ActiveCfg = Release|Any CPU
		{281396EC-00B3-40A5-AB1B-BA45BAB4E4A6}.Release|Any CPU.Build.0 = Release|Any CPU
		{0CA81946-8FDB-4C03-98DE-9593D5D14F0E}.Debug|Any CPU.ActiveCfg = Debug|Any CPU
		{0CA81946-8FDB-4C03-98DE-9593D5D14F0E}.Debug|Any CPU.Build.0 = Debug|Any CPU
		{0CA81946-8FDB-4C03-98DE-9593D5D14F0E}.Release|Any CPU.ActiveCfg = Release|Any CPU
		{0CA81946-8FDB-4C03-98DE-9593D5D14F0E}.Release|Any CPU.Build.0 = Release|Any CPU
	EndGlobalSection
	GlobalSection(SolutionProperties) = preSolution
		HideSolutionNode = FALSE
	EndGlobalSection
	GlobalSection(ExtensibilityGlobals) = postSolution
		SolutionGuid = {D4223AED-BC59-49C8-8165-81A49F04BBBC}
	EndGlobalSection
EndGlobal
