
Microsoft Visual Studio Solution File, Format Version 12.00
# Visual Studio Version 16
VisualStudioVersion = 16.0.34301.259
MinimumVisualStudioVersion = 10.0.40219.1
Project("{FAE04EC0-301F-11D3-BF4B-00C04F79EFBC}") = "BasicWebServer.Server", "BasicWebServer.Server\BasicWebServer.Server.csproj", "{736A34E6-49F4-4DA7-882C-6F78F7EBAAB6}"
EndProject
Project("{FAE04EC0-301F-11D3-BF4B-00C04F79EFBC}") = "BasicWebServer.Demo", "BasicWebServer.Demo\BasicWebServer.Demo.csproj", "{3CB3A3E9-3140-4419-8735-ABF8527C7919}"
EndProject
Global
	GlobalSection(SolutionConfigurationPlatforms) = preSolution
		Debug|Any CPU = Debug|Any CPU
		Release|Any CPU = Release|Any CPU
	EndGlobalSection
	GlobalSection(ProjectConfigurationPlatforms) = postSolution
		{736A34E6-49F4-4DA7-882C-6F78F7EBAAB6}.Debug|Any CPU.ActiveCfg = Debug|Any CPU
		{736A34E6-49F4-4DA7-882C-6F78F7EBAAB6}.Debug|Any CPU.Build.0 = Debug|Any CPU
		{736A34E6-49F4-4DA7-882C-6F78F7EBAAB6}.Release|Any CPU.ActiveCfg = Release|Any CPU
		{736A34E6-49F4-4DA7-882C-6F78F7EBAAB6}.Release|Any CPU.Build.0 = Release|Any CPU
		{3CB3A3E9-3140-4419-8735-ABF8527C7919}.Debug|Any CPU.ActiveCfg = Debug|Any CPU
		{3CB3A3E9-3140-4419-8735-ABF8527C7919}.Debug|Any CPU.Build.0 = Debug|Any CPU
		{3CB3A3E9-3140-4419-8735-ABF8527C7919}.Release|Any CPU.ActiveCfg = Release|Any CPU
		{3CB3A3E9-3140-4419-8735-ABF8527C7919}.Release|Any CPU.Build.0 = Release|Any CPU
	EndGlobalSection
	GlobalSection(SolutionProperties) = preSolution
		HideSolutionNode = FALSE
	EndGlobalSection
	GlobalSection(ExtensibilityGlobals) = postSolution
		SolutionGuid = {8C1CF5D7-F4EB-4155-BFFB-5558EFF6647B}
	EndGlobalSection
EndGlobal
