
Microsoft Visual Studio Solution File, Format Version 12.00
# Visual Studio Version 16
VisualStudioVersion = 16.0.31702.278
MinimumVisualStudioVersion = 10.0.40219.1
Project("{9A19103F-16F7-4668-BE54-9A1E7A4F7556}") = "P01.Stream_Progress", "P01.Stream_Progress\P01.Stream_Progress.csproj", "{D47A34DF-903F-41FA-9CF9-DF434A3AF41C}"
EndProject
Project("{9A19103F-16F7-4668-BE54-9A1E7A4F7556}") = "P02.Graphic_Editor", "P02.Graphic_Editor\P02.Graphic_Editor.csproj", "{679267EB-B047-4444-AAED-DF11D734052F}"
EndProject
Project("{9A19103F-16F7-4668-BE54-9A1E7A4F7556}") = "P03.Detail_Printer", "P03.Detail_Printer\P03.Detail_Printer.csproj", "{75638BF3-6D93-45B4-881F-3ED638C065FD}"
EndProject
Project("{9A19103F-16F7-4668-BE54-9A1E7A4F7556}") = "P04.Recharge", "P04.Recharge\P04.Recharge.csproj", "{37FB5B2D-17BB-4CD5-BA79-5020D072FE55}"
EndProject
Global
	GlobalSection(SolutionConfigurationPlatforms) = preSolution
		Debug|Any CPU = Debug|Any CPU
		Release|Any CPU = Release|Any CPU
	EndGlobalSection
	GlobalSection(ProjectConfigurationPlatforms) = postSolution
		{D47A34DF-903F-41FA-9CF9-DF434A3AF41C}.Debug|Any CPU.ActiveCfg = Debug|Any CPU
		{D47A34DF-903F-41FA-9CF9-DF434A3AF41C}.Debug|Any CPU.Build.0 = Debug|Any CPU
		{D47A34DF-903F-41FA-9CF9-DF434A3AF41C}.Release|Any CPU.ActiveCfg = Release|Any CPU
		{D47A34DF-903F-41FA-9CF9-DF434A3AF41C}.Release|Any CPU.Build.0 = Release|Any CPU
		{679267EB-B047-4444-AAED-DF11D734052F}.Debug|Any CPU.ActiveCfg = Debug|Any CPU
		{679267EB-B047-4444-AAED-DF11D734052F}.Debug|Any CPU.Build.0 = Debug|Any CPU
		{679267EB-B047-4444-AAED-DF11D734052F}.Release|Any CPU.ActiveCfg = Release|Any CPU
		{679267EB-B047-4444-AAED-DF11D734052F}.Release|Any CPU.Build.0 = Release|Any CPU
		{75638BF3-6D93-45B4-881F-3ED638C065FD}.Debug|Any CPU.ActiveCfg = Debug|Any CPU
		{75638BF3-6D93-45B4-881F-3ED638C065FD}.Debug|Any CPU.Build.0 = Debug|Any CPU
		{75638BF3-6D93-45B4-881F-3ED638C065FD}.Release|Any CPU.ActiveCfg = Release|Any CPU
		{75638BF3-6D93-45B4-881F-3ED638C065FD}.Release|Any CPU.Build.0 = Release|Any CPU
		{37FB5B2D-17BB-4CD5-BA79-5020D072FE55}.Debug|Any CPU.ActiveCfg = Debug|Any CPU
		{37FB5B2D-17BB-4CD5-BA79-5020D072FE55}.Debug|Any CPU.Build.0 = Debug|Any CPU
		{37FB5B2D-17BB-4CD5-BA79-5020D072FE55}.Release|Any CPU.ActiveCfg = Release|Any CPU
		{37FB5B2D-17BB-4CD5-BA79-5020D072FE55}.Release|Any CPU.Build.0 = Release|Any CPU
	EndGlobalSection
	GlobalSection(SolutionProperties) = preSolution
		HideSolutionNode = FALSE
	EndGlobalSection
	GlobalSection(ExtensibilityGlobals) = postSolution
		SolutionGuid = {9298E19D-BC1A-42BC-BB02-2A078A780813}
	EndGlobalSection
EndGlobal
