
Microsoft Visual Studio Solution File, Format Version 12.00
# Visual Studio Version 16
VisualStudioVersion = 16.0.31702.278
MinimumVisualStudioVersion = 10.0.40219.1
Project("{9A19103F-16F7-4668-BE54-9A1E7A4F7556}") = "01.Even Lines", "01.Even Lines\01.Even Lines.csproj", "{931F93C2-79EF-4B5A-B241-6A66DABE19B2}"
EndProject
Project("{9A19103F-16F7-4668-BE54-9A1E7A4F7556}") = "02.Line Numbers", "02.Line Numbers\02.Line Numbers.csproj", "{F963E8AA-F5D2-42DB-906F-AC68D71BB389}"
EndProject
Project("{FAE04EC0-301F-11D3-BF4B-00C04F79EFBC}") = "03.Word-Count", "03.Word-Count\03.Word-Count.csproj", "{322271FB-79AD-468C-B392-2E71150D33B7}"
EndProject
Project("{FAE04EC0-301F-11D3-BF4B-00C04F79EFBC}") = "04.Copy-Binary-File", "04.Copy-Binary-File\04.Copy-Binary-File.csproj", "{9AE2AD26-C01D-4DDA-A246-A46D93EA4043}"
EndProject
Project("{FAE04EC0-301F-11D3-BF4B-00C04F79EFBC}") = "05.Directory Traversal", "05.Directory Traversal\05.Directory Traversal.csproj", "{BCA8834D-89CC-420D-9F60-6D10C4DC8938}"
EndProject
Project("{FAE04EC0-301F-11D3-BF4B-00C04F79EFBC}") = "06.Zip and Extract", "06.Zip and Extract\06.Zip and Extract.csproj", "{8B3F638B-9825-4106-9343-605229F0B2C5}"
EndProject
Global
	GlobalSection(SolutionConfigurationPlatforms) = preSolution
		Debug|Any CPU = Debug|Any CPU
		Release|Any CPU = Release|Any CPU
	EndGlobalSection
	GlobalSection(ProjectConfigurationPlatforms) = postSolution
		{931F93C2-79EF-4B5A-B241-6A66DABE19B2}.Debug|Any CPU.ActiveCfg = Debug|Any CPU
		{931F93C2-79EF-4B5A-B241-6A66DABE19B2}.Debug|Any CPU.Build.0 = Debug|Any CPU
		{931F93C2-79EF-4B5A-B241-6A66DABE19B2}.Release|Any CPU.ActiveCfg = Release|Any CPU
		{931F93C2-79EF-4B5A-B241-6A66DABE19B2}.Release|Any CPU.Build.0 = Release|Any CPU
		{F963E8AA-F5D2-42DB-906F-AC68D71BB389}.Debug|Any CPU.ActiveCfg = Debug|Any CPU
		{F963E8AA-F5D2-42DB-906F-AC68D71BB389}.Debug|Any CPU.Build.0 = Debug|Any CPU
		{F963E8AA-F5D2-42DB-906F-AC68D71BB389}.Release|Any CPU.ActiveCfg = Release|Any CPU
		{F963E8AA-F5D2-42DB-906F-AC68D71BB389}.Release|Any CPU.Build.0 = Release|Any CPU
		{322271FB-79AD-468C-B392-2E71150D33B7}.Debug|Any CPU.ActiveCfg = Debug|Any CPU
		{322271FB-79AD-468C-B392-2E71150D33B7}.Debug|Any CPU.Build.0 = Debug|Any CPU
		{322271FB-79AD-468C-B392-2E71150D33B7}.Release|Any CPU.ActiveCfg = Release|Any CPU
		{322271FB-79AD-468C-B392-2E71150D33B7}.Release|Any CPU.Build.0 = Release|Any CPU
		{9AE2AD26-C01D-4DDA-A246-A46D93EA4043}.Debug|Any CPU.ActiveCfg = Debug|Any CPU
		{9AE2AD26-C01D-4DDA-A246-A46D93EA4043}.Debug|Any CPU.Build.0 = Debug|Any CPU
		{9AE2AD26-C01D-4DDA-A246-A46D93EA4043}.Release|Any CPU.ActiveCfg = Release|Any CPU
		{9AE2AD26-C01D-4DDA-A246-A46D93EA4043}.Release|Any CPU.Build.0 = Release|Any CPU
		{BCA8834D-89CC-420D-9F60-6D10C4DC8938}.Debug|Any CPU.ActiveCfg = Debug|Any CPU
		{BCA8834D-89CC-420D-9F60-6D10C4DC8938}.Debug|Any CPU.Build.0 = Debug|Any CPU
		{BCA8834D-89CC-420D-9F60-6D10C4DC8938}.Release|Any CPU.ActiveCfg = Release|Any CPU
		{BCA8834D-89CC-420D-9F60-6D10C4DC8938}.Release|Any CPU.Build.0 = Release|Any CPU
		{8B3F638B-9825-4106-9343-605229F0B2C5}.Debug|Any CPU.ActiveCfg = Debug|Any CPU
		{8B3F638B-9825-4106-9343-605229F0B2C5}.Debug|Any CPU.Build.0 = Debug|Any CPU
		{8B3F638B-9825-4106-9343-605229F0B2C5}.Release|Any CPU.ActiveCfg = Release|Any CPU
		{8B3F638B-9825-4106-9343-605229F0B2C5}.Release|Any CPU.Build.0 = Release|Any CPU
	EndGlobalSection
	GlobalSection(SolutionProperties) = preSolution
		HideSolutionNode = FALSE
	EndGlobalSection
	GlobalSection(ExtensibilityGlobals) = postSolution
		SolutionGuid = {C6DD79D2-9E40-449A-96A1-59976BAC73D7}
	EndGlobalSection
EndGlobal
