
Microsoft Visual Studio Solution File, Format Version 12.00
# Visual Studio Version 16
VisualStudioVersion = 16.0.30621.155
MinimumVisualStudioVersion = 10.0.40219.1
Project("{FAE04EC0-301F-11D3-BF4B-00C04F79EFBC}") = "1. Clock", "1. Clock\1. Clock.csproj", "{2D7FAB7A-D882-49B7-AB6B-27FCC3F33AA4}"
EndProject
Project("{FAE04EC0-301F-11D3-BF4B-00C04F79EFBC}") = "2. Multiplication Table", "2. Multiplication Table\2. Multiplication Table.csproj", "{CA059F0E-8FD0-4874-9B07-EAA18CF2F15C}"
EndProject
Project("{FAE04EC0-301F-11D3-BF4B-00C04F79EFBC}") = "3. Combinations", "3. Combinations\3. Combinations.csproj", "{D3931AA1-EACA-44D0-8ECE-25DB569A9C97}"
EndProject
Project("{FAE04EC0-301F-11D3-BF4B-00C04F79EFBC}") = "4. Sum of Two Numbers", "4. Sum of Two Numbers\4. Sum of Two Numbers.csproj", "{C0769EC1-3956-48AD-A016-6A000BCB5BE5}"
EndProject
Project("{FAE04EC0-301F-11D3-BF4B-00C04F79EFBC}") = "5. Travelling", "5. Travelling\5. Travelling.csproj", "{D7EFEADC-B02E-4B97-8E12-A338653EC1C6}"
EndProject
Project("{FAE04EC0-301F-11D3-BF4B-00C04F79EFBC}") = "6. Building", "6. Building\6. Building.csproj", "{B395DDE7-206A-451C-A4EF-70750F2153FA}"
EndProject
Project("{FAE04EC0-301F-11D3-BF4B-00C04F79EFBC}") = "7. Cinema Tickets", "7. Cinema Tickets\7. Cinema Tickets.csproj", "{876D985B-AFED-47DF-A9C9-09093756E0E6}"
EndProject
Global
	GlobalSection(SolutionConfigurationPlatforms) = preSolution
		Debug|Any CPU = Debug|Any CPU
		Release|Any CPU = Release|Any CPU
	EndGlobalSection
	GlobalSection(ProjectConfigurationPlatforms) = postSolution
		{2D7FAB7A-D882-49B7-AB6B-27FCC3F33AA4}.Debug|Any CPU.ActiveCfg = Debug|Any CPU
		{2D7FAB7A-D882-49B7-AB6B-27FCC3F33AA4}.Debug|Any CPU.Build.0 = Debug|Any CPU
		{2D7FAB7A-D882-49B7-AB6B-27FCC3F33AA4}.Release|Any CPU.ActiveCfg = Release|Any CPU
		{2D7FAB7A-D882-49B7-AB6B-27FCC3F33AA4}.Release|Any CPU.Build.0 = Release|Any CPU
		{CA059F0E-8FD0-4874-9B07-EAA18CF2F15C}.Debug|Any CPU.ActiveCfg = Debug|Any CPU
		{CA059F0E-8FD0-4874-9B07-EAA18CF2F15C}.Debug|Any CPU.Build.0 = Debug|Any CPU
		{CA059F0E-8FD0-4874-9B07-EAA18CF2F15C}.Release|Any CPU.ActiveCfg = Release|Any CPU
		{CA059F0E-8FD0-4874-9B07-EAA18CF2F15C}.Release|Any CPU.Build.0 = Release|Any CPU
		{D3931AA1-EACA-44D0-8ECE-25DB569A9C97}.Debug|Any CPU.ActiveCfg = Debug|Any CPU
		{D3931AA1-EACA-44D0-8ECE-25DB569A9C97}.Debug|Any CPU.Build.0 = Debug|Any CPU
		{D3931AA1-EACA-44D0-8ECE-25DB569A9C97}.Release|Any CPU.ActiveCfg = Release|Any CPU
		{D3931AA1-EACA-44D0-8ECE-25DB569A9C97}.Release|Any CPU.Build.0 = Release|Any CPU
		{C0769EC1-3956-48AD-A016-6A000BCB5BE5}.Debug|Any CPU.ActiveCfg = Debug|Any CPU
		{C0769EC1-3956-48AD-A016-6A000BCB5BE5}.Debug|Any CPU.Build.0 = Debug|Any CPU
		{C0769EC1-3956-48AD-A016-6A000BCB5BE5}.Release|Any CPU.ActiveCfg = Release|Any CPU
		{C0769EC1-3956-48AD-A016-6A000BCB5BE5}.Release|Any CPU.Build.0 = Release|Any CPU
		{D7EFEADC-B02E-4B97-8E12-A338653EC1C6}.Debug|Any CPU.ActiveCfg = Debug|Any CPU
		{D7EFEADC-B02E-4B97-8E12-A338653EC1C6}.Debug|Any CPU.Build.0 = Debug|Any CPU
		{D7EFEADC-B02E-4B97-8E12-A338653EC1C6}.Release|Any CPU.ActiveCfg = Release|Any CPU
		{D7EFEADC-B02E-4B97-8E12-A338653EC1C6}.Release|Any CPU.Build.0 = Release|Any CPU
		{B395DDE7-206A-451C-A4EF-70750F2153FA}.Debug|Any CPU.ActiveCfg = Debug|Any CPU
		{B395DDE7-206A-451C-A4EF-70750F2153FA}.Debug|Any CPU.Build.0 = Debug|Any CPU
		{B395DDE7-206A-451C-A4EF-70750F2153FA}.Release|Any CPU.ActiveCfg = Release|Any CPU
		{B395DDE7-206A-451C-A4EF-70750F2153FA}.Release|Any CPU.Build.0 = Release|Any CPU
		{876D985B-AFED-47DF-A9C9-09093756E0E6}.Debug|Any CPU.ActiveCfg = Debug|Any CPU
		{876D985B-AFED-47DF-A9C9-09093756E0E6}.Debug|Any CPU.Build.0 = Debug|Any CPU
		{876D985B-AFED-47DF-A9C9-09093756E0E6}.Release|Any CPU.ActiveCfg = Release|Any CPU
		{876D985B-AFED-47DF-A9C9-09093756E0E6}.Release|Any CPU.Build.0 = Release|Any CPU
	EndGlobalSection
	GlobalSection(SolutionProperties) = preSolution
		HideSolutionNode = FALSE
	EndGlobalSection
	GlobalSection(ExtensibilityGlobals) = postSolution
		SolutionGuid = {CBDDCD80-57C9-434D-BE96-2A32AB1157C0}
	EndGlobalSection
EndGlobal
