
Microsoft Visual Studio Solution File, Format Version 12.00
# Visual Studio Version 16
VisualStudioVersion = 16.0.31702.278
MinimumVisualStudioVersion = 10.0.40219.1
Project("{FAE04EC0-301F-11D3-BF4B-00C04F79EFBC}") = "01.Square Root", "01.Square Root\01.Square Root.csproj", "{1A71A7DB-CC55-4F47-A6DA-A75A916D0CF2}"
EndProject
Project("{FAE04EC0-301F-11D3-BF4B-00C04F79EFBC}") = "02.Enter Numbers", "02.Enter Numbers\02.Enter Numbers.csproj", "{2614173C-3AEC-447E-A6BB-B908F4E5CE42}"
EndProject
Project("{FAE04EC0-301F-11D3-BF4B-00C04F79EFBC}") = "03.Fixing", "03.Fixing\03.Fixing.csproj", "{56BF021E-B6CF-430D-B2B0-6AFD834AD5AD}"
EndProject
Project("{FAE04EC0-301F-11D3-BF4B-00C04F79EFBC}") = "04.Fixing Vol2", "04.Fixing Vol2\04.Fixing Vol2.csproj", "{EB5C98D8-7A34-4926-BB33-40F0358E87F2}"
EndProject
Project("{FAE04EC0-301F-11D3-BF4B-00C04F79EFBC}") = "05.Convert.ToDouble", "05.Convert.ToDouble\05.Convert.ToDouble.csproj", "{92CCF5FA-663E-426D-B1AE-2B3FDD27F3FD}"
EndProject
Project("{FAE04EC0-301F-11D3-BF4B-00C04F79EFBC}") = "06.Valid Person", "06.Valid Person\06.Valid Person.csproj", "{C11D14A5-4A73-494D-88C1-10F69F997AB5}"
EndProject
Project("{FAE04EC0-301F-11D3-BF4B-00C04F79EFBC}") = "07.Custom Exception", "07.Custom Exception\07.Custom Exception.csproj", "{A0A53B9A-5DE0-47F8-8756-7C86798AAB82}"
EndProject
Global
	GlobalSection(SolutionConfigurationPlatforms) = preSolution
		Debug|Any CPU = Debug|Any CPU
		Release|Any CPU = Release|Any CPU
	EndGlobalSection
	GlobalSection(ProjectConfigurationPlatforms) = postSolution
		{1A71A7DB-CC55-4F47-A6DA-A75A916D0CF2}.Debug|Any CPU.ActiveCfg = Debug|Any CPU
		{1A71A7DB-CC55-4F47-A6DA-A75A916D0CF2}.Debug|Any CPU.Build.0 = Debug|Any CPU
		{1A71A7DB-CC55-4F47-A6DA-A75A916D0CF2}.Release|Any CPU.ActiveCfg = Release|Any CPU
		{1A71A7DB-CC55-4F47-A6DA-A75A916D0CF2}.Release|Any CPU.Build.0 = Release|Any CPU
		{2614173C-3AEC-447E-A6BB-B908F4E5CE42}.Debug|Any CPU.ActiveCfg = Debug|Any CPU
		{2614173C-3AEC-447E-A6BB-B908F4E5CE42}.Debug|Any CPU.Build.0 = Debug|Any CPU
		{2614173C-3AEC-447E-A6BB-B908F4E5CE42}.Release|Any CPU.ActiveCfg = Release|Any CPU
		{2614173C-3AEC-447E-A6BB-B908F4E5CE42}.Release|Any CPU.Build.0 = Release|Any CPU
		{56BF021E-B6CF-430D-B2B0-6AFD834AD5AD}.Debug|Any CPU.ActiveCfg = Debug|Any CPU
		{56BF021E-B6CF-430D-B2B0-6AFD834AD5AD}.Debug|Any CPU.Build.0 = Debug|Any CPU
		{56BF021E-B6CF-430D-B2B0-6AFD834AD5AD}.Release|Any CPU.ActiveCfg = Release|Any CPU
		{56BF021E-B6CF-430D-B2B0-6AFD834AD5AD}.Release|Any CPU.Build.0 = Release|Any CPU
		{EB5C98D8-7A34-4926-BB33-40F0358E87F2}.Debug|Any CPU.ActiveCfg = Debug|Any CPU
		{EB5C98D8-7A34-4926-BB33-40F0358E87F2}.Debug|Any CPU.Build.0 = Debug|Any CPU
		{EB5C98D8-7A34-4926-BB33-40F0358E87F2}.Release|Any CPU.ActiveCfg = Release|Any CPU
		{EB5C98D8-7A34-4926-BB33-40F0358E87F2}.Release|Any CPU.Build.0 = Release|Any CPU
		{92CCF5FA-663E-426D-B1AE-2B3FDD27F3FD}.Debug|Any CPU.ActiveCfg = Debug|Any CPU
		{92CCF5FA-663E-426D-B1AE-2B3FDD27F3FD}.Debug|Any CPU.Build.0 = Debug|Any CPU
		{92CCF5FA-663E-426D-B1AE-2B3FDD27F3FD}.Release|Any CPU.ActiveCfg = Release|Any CPU
		{92CCF5FA-663E-426D-B1AE-2B3FDD27F3FD}.Release|Any CPU.Build.0 = Release|Any CPU
		{C11D14A5-4A73-494D-88C1-10F69F997AB5}.Debug|Any CPU.ActiveCfg = Debug|Any CPU
		{C11D14A5-4A73-494D-88C1-10F69F997AB5}.Debug|Any CPU.Build.0 = Debug|Any CPU
		{C11D14A5-4A73-494D-88C1-10F69F997AB5}.Release|Any CPU.ActiveCfg = Release|Any CPU
		{C11D14A5-4A73-494D-88C1-10F69F997AB5}.Release|Any CPU.Build.0 = Release|Any CPU
		{A0A53B9A-5DE0-47F8-8756-7C86798AAB82}.Debug|Any CPU.ActiveCfg = Debug|Any CPU
		{A0A53B9A-5DE0-47F8-8756-7C86798AAB82}.Debug|Any CPU.Build.0 = Debug|Any CPU
		{A0A53B9A-5DE0-47F8-8756-7C86798AAB82}.Release|Any CPU.ActiveCfg = Release|Any CPU
		{A0A53B9A-5DE0-47F8-8756-7C86798AAB82}.Release|Any CPU.Build.0 = Release|Any CPU
	EndGlobalSection
	GlobalSection(SolutionProperties) = preSolution
		HideSolutionNode = FALSE
	EndGlobalSection
	GlobalSection(ExtensibilityGlobals) = postSolution
		SolutionGuid = {AC37049C-5C25-4472-B2FB-5E81763A2064}
	EndGlobalSection
EndGlobal
