
Microsoft Visual Studio Solution File, Format Version 12.00
# Visual Studio Version 16
VisualStudioVersion = 16.0.31702.278
MinimumVisualStudioVersion = 10.0.40219.1
Project("{FAE04EC0-301F-11D3-BF4B-00C04F79EFBC}") = "Implementing Linked List", "Implementing Linked List\Implementing Linked List.csproj", "{DB47EC52-5C49-4B03-922B-13F25FDC8EEE}"
EndProject
Global
	GlobalSection(SolutionConfigurationPlatforms) = preSolution
		Debug|Any CPU = Debug|Any CPU
		Release|Any CPU = Release|Any CPU
	EndGlobalSection
	GlobalSection(ProjectConfigurationPlatforms) = postSolution
		{DB47EC52-5C49-4B03-922B-13F25FDC8EEE}.Debug|Any CPU.ActiveCfg = Debug|Any CPU
		{DB47EC52-5C49-4B03-922B-13F25FDC8EEE}.Debug|Any CPU.Build.0 = Debug|Any CPU
		{DB47EC52-5C49-4B03-922B-13F25FDC8EEE}.Release|Any CPU.ActiveCfg = Release|Any CPU
		{DB47EC52-5C49-4B03-922B-13F25FDC8EEE}.Release|Any CPU.Build.0 = Release|Any CPU
	EndGlobalSection
	GlobalSection(SolutionProperties) = preSolution
		HideSolutionNode = FALSE
	EndGlobalSection
	GlobalSection(ExtensibilityGlobals) = postSolution
		SolutionGuid = {8ECC06EB-FEA2-41B0-BE05-2B7CB8CBE9DE}
	EndGlobalSection
EndGlobal
