
Microsoft Visual Studio Solution File, Format Version 12.00
# Visual Studio Version 16
VisualStudioVersion = 16.0.32228.343
MinimumVisualStudioVersion = 10.0.40219.1
Project("{9A19103F-16F7-4668-BE54-9A1E7A4F7556}") = "ProductShop", "ProductShop\ProductShop.csproj", "{DE2D3F1A-D486-4E02-81EF-B06C01D16A22}"
EndProject
Project("{9A19103F-16F7-4668-BE54-9A1E7A4F7556}") = "CarDealer", "CarDealer\CarDealer.csproj", "{71A3FED9-0428-4AA7-BC54-585B9C6B34AB}"
EndProject
Global
	GlobalSection(SolutionConfigurationPlatforms) = preSolution
		Debug|Any CPU = Debug|Any CPU
		Release|Any CPU = Release|Any CPU
	EndGlobalSection
	GlobalSection(ProjectConfigurationPlatforms) = postSolution
		{DE2D3F1A-D486-4E02-81EF-B06C01D16A22}.Debug|Any CPU.ActiveCfg = Debug|Any CPU
		{DE2D3F1A-D486-4E02-81EF-B06C01D16A22}.Debug|Any CPU.Build.0 = Debug|Any CPU
		{DE2D3F1A-D486-4E02-81EF-B06C01D16A22}.Release|Any CPU.ActiveCfg = Release|Any CPU
		{DE2D3F1A-D486-4E02-81EF-B06C01D16A22}.Release|Any CPU.Build.0 = Release|Any CPU
		{71A3FED9-0428-4AA7-BC54-585B9C6B34AB}.Debug|Any CPU.ActiveCfg = Debug|Any CPU
		{71A3FED9-0428-4AA7-BC54-585B9C6B34AB}.Debug|Any CPU.Build.0 = Debug|Any CPU
		{71A3FED9-0428-4AA7-BC54-585B9C6B34AB}.Release|Any CPU.ActiveCfg = Release|Any CPU
		{71A3FED9-0428-4AA7-BC54-585B9C6B34AB}.Release|Any CPU.Build.0 = Release|Any CPU
	EndGlobalSection
	GlobalSection(SolutionProperties) = preSolution
		HideSolutionNode = FALSE
	EndGlobalSection
	GlobalSection(ExtensibilityGlobals) = postSolution
		SolutionGuid = {4B9D6438-07ED-4039-A821-989DBB712E55}
	EndGlobalSection
EndGlobal
