
Microsoft Visual Studio Solution File, Format Version 12.00
# Visual Studio Version 16
VisualStudioVersion = 16.0.31702.278
MinimumVisualStudioVersion = 10.0.40219.1
Project("{FAE04EC0-301F-11D3-BF4B-00C04F79EFBC}") = "01.MathOperation", "01.MathOperation\01.MathOperation.csproj", "{22EBBC9D-96F3-4AFC-A38C-6CB5B3FBC3DC}"
EndProject
Project("{FAE04EC0-301F-11D3-BF4B-00C04F79EFBC}") = "02.Animals", "02.Animals\02.Animals.csproj", "{9D66CD88-0392-448A-A62B-781F375922F1}"
EndProject
Project("{FAE04EC0-301F-11D3-BF4B-00C04F79EFBC}") = "03.Shapes", "03.Shapes\03.Shapes.csproj", "{E49707E3-289E-462E-91AD-695284A0CF80}"
EndProject
Global
	GlobalSection(SolutionConfigurationPlatforms) = preSolution
		Debug|Any CPU = Debug|Any CPU
		Release|Any CPU = Release|Any CPU
	EndGlobalSection
	GlobalSection(ProjectConfigurationPlatforms) = postSolution
		{22EBBC9D-96F3-4AFC-A38C-6CB5B3FBC3DC}.Debug|Any CPU.ActiveCfg = Debug|Any CPU
		{22EBBC9D-96F3-4AFC-A38C-6CB5B3FBC3DC}.Debug|Any CPU.Build.0 = Debug|Any CPU
		{22EBBC9D-96F3-4AFC-A38C-6CB5B3FBC3DC}.Release|Any CPU.ActiveCfg = Release|Any CPU
		{22EBBC9D-96F3-4AFC-A38C-6CB5B3FBC3DC}.Release|Any CPU.Build.0 = Release|Any CPU
		{9D66CD88-0392-448A-A62B-781F375922F1}.Debug|Any CPU.ActiveCfg = Debug|Any CPU
		{9D66CD88-0392-448A-A62B-781F375922F1}.Debug|Any CPU.Build.0 = Debug|Any CPU
		{9D66CD88-0392-448A-A62B-781F375922F1}.Release|Any CPU.ActiveCfg = Release|Any CPU
		{9D66CD88-0392-448A-A62B-781F375922F1}.Release|Any CPU.Build.0 = Release|Any CPU
		{E49707E3-289E-462E-91AD-695284A0CF80}.Debug|Any CPU.ActiveCfg = Debug|Any CPU
		{E49707E3-289E-462E-91AD-695284A0CF80}.Debug|Any CPU.Build.0 = Debug|Any CPU
		{E49707E3-289E-462E-91AD-695284A0CF80}.Release|Any CPU.ActiveCfg = Release|Any CPU
		{E49707E3-289E-462E-91AD-695284A0CF80}.Release|Any CPU.Build.0 = Release|Any CPU
	EndGlobalSection
	GlobalSection(SolutionProperties) = preSolution
		HideSolutionNode = FALSE
	EndGlobalSection
	GlobalSection(ExtensibilityGlobals) = postSolution
		SolutionGuid = {DACDD076-127B-467A-A1B2-7AF8B96CDD81}
	EndGlobalSection
EndGlobal
