
Microsoft Visual Studio Solution File, Format Version 12.00
# Visual Studio Version 16
VisualStudioVersion = 16.0.31702.278
MinimumVisualStudioVersion = 10.0.40219.1
Project("{FAE04EC0-301F-11D3-BF4B-00C04F79EFBC}") = "SnakedGame", "SnakeGame\SnakedGame.csproj", "{1C6F77D5-DFF8-4D98-97BD-6BA046351BDA}"
EndProject
Global
	GlobalSection(SolutionConfigurationPlatforms) = preSolution
		Debug|Any CPU = Debug|Any CPU
		Release|Any CPU = Release|Any CPU
	EndGlobalSection
	GlobalSection(ProjectConfigurationPlatforms) = postSolution
		{1C6F77D5-DFF8-4D98-97BD-6BA046351BDA}.Debug|Any CPU.ActiveCfg = Debug|Any CPU
		{1C6F77D5-DFF8-4D98-97BD-6BA046351BDA}.Debug|Any CPU.Build.0 = Debug|Any CPU
		{1C6F77D5-DFF8-4D98-97BD-6BA046351BDA}.Release|Any CPU.ActiveCfg = Release|Any CPU
		{1C6F77D5-DFF8-4D98-97BD-6BA046351BDA}.Release|Any CPU.Build.0 = Release|Any CPU
	EndGlobalSection
	GlobalSection(SolutionProperties) = preSolution
		HideSolutionNode = FALSE
	EndGlobalSection
	GlobalSection(ExtensibilityGlobals) = postSolution
		SolutionGuid = {5B2F7C77-ED3A-43E8-AB6B-C62FCF0F5EE2}
	EndGlobalSection
EndGlobal
