
Microsoft Visual Studio Solution File, Format Version 12.00
# Visual Studio Version 16
VisualStudioVersion = 16.0.30621.155
MinimumVisualStudioVersion = 10.0.40219.1
Project("{FAE04EC0-301F-11D3-BF4B-00C04F79EFBC}") = "01.SingleInheritance", "01.SingleInheritance\01.SingleInheritance.csproj", "{47ED205B-87CE-40E2-A18F-50360C3CD246}"
EndProject
Project("{FAE04EC0-301F-11D3-BF4B-00C04F79EFBC}") = "02.MultipleInheritance", "02.MultipleInheritance\02.MultipleInheritance.csproj", "{62581F43-CBB3-4988-98F6-094A6CE27266}"
EndProject
Project("{FAE04EC0-301F-11D3-BF4B-00C04F79EFBC}") = "03.Hierarchical Inheritance", "03.Hierarchical Inheritance\03.Hierarchical Inheritance.csproj", "{AE55E364-F7A5-4559-ADFD-ECEBE0F80D72}"
EndProject
Project("{FAE04EC0-301F-11D3-BF4B-00C04F79EFBC}") = "04.Random List", "04.Random List\04.Random List.csproj", "{62058049-68CB-46BC-A100-431FFD99CD24}"
EndProject
Project("{FAE04EC0-301F-11D3-BF4B-00C04F79EFBC}") = "05.Stack of Strings", "05.Stack of Strings\05.Stack of Strings.csproj", "{CBDDEE1B-FB9E-4C16-ACAD-43912D76969B}"
EndProject
Global
	GlobalSection(SolutionConfigurationPlatforms) = preSolution
		Debug|Any CPU = Debug|Any CPU
		Release|Any CPU = Release|Any CPU
	EndGlobalSection
	GlobalSection(ProjectConfigurationPlatforms) = postSolution
		{47ED205B-87CE-40E2-A18F-50360C3CD246}.Debug|Any CPU.ActiveCfg = Debug|Any CPU
		{47ED205B-87CE-40E2-A18F-50360C3CD246}.Debug|Any CPU.Build.0 = Debug|Any CPU
		{47ED205B-87CE-40E2-A18F-50360C3CD246}.Release|Any CPU.ActiveCfg = Release|Any CPU
		{47ED205B-87CE-40E2-A18F-50360C3CD246}.Release|Any CPU.Build.0 = Release|Any CPU
		{62581F43-CBB3-4988-98F6-094A6CE27266}.Debug|Any CPU.ActiveCfg = Debug|Any CPU
		{62581F43-CBB3-4988-98F6-094A6CE27266}.Debug|Any CPU.Build.0 = Debug|Any CPU
		{62581F43-CBB3-4988-98F6-094A6CE27266}.Release|Any CPU.ActiveCfg = Release|Any CPU
		{62581F43-CBB3-4988-98F6-094A6CE27266}.Release|Any CPU.Build.0 = Release|Any CPU
		{AE55E364-F7A5-4559-ADFD-ECEBE0F80D72}.Debug|Any CPU.ActiveCfg = Debug|Any CPU
		{AE55E364-F7A5-4559-ADFD-ECEBE0F80D72}.Debug|Any CPU.Build.0 = Debug|Any CPU
		{AE55E364-F7A5-4559-ADFD-ECEBE0F80D72}.Release|Any CPU.ActiveCfg = Release|Any CPU
		{AE55E364-F7A5-4559-ADFD-ECEBE0F80D72}.Release|Any CPU.Build.0 = Release|Any CPU
		{62058049-68CB-46BC-A100-431FFD99CD24}.Debug|Any CPU.ActiveCfg = Debug|Any CPU
		{62058049-68CB-46BC-A100-431FFD99CD24}.Debug|Any CPU.Build.0 = Debug|Any CPU
		{62058049-68CB-46BC-A100-431FFD99CD24}.Release|Any CPU.ActiveCfg = Release|Any CPU
		{62058049-68CB-46BC-A100-431FFD99CD24}.Release|Any CPU.Build.0 = Release|Any CPU
		{CBDDEE1B-FB9E-4C16-ACAD-43912D76969B}.Debug|Any CPU.ActiveCfg = Debug|Any CPU
		{CBDDEE1B-FB9E-4C16-ACAD-43912D76969B}.Debug|Any CPU.Build.0 = Debug|Any CPU
		{CBDDEE1B-FB9E-4C16-ACAD-43912D76969B}.Release|Any CPU.ActiveCfg = Release|Any CPU
		{CBDDEE1B-FB9E-4C16-ACAD-43912D76969B}.Release|Any CPU.Build.0 = Release|Any CPU
	EndGlobalSection
	GlobalSection(SolutionProperties) = preSolution
		HideSolutionNode = FALSE
	EndGlobalSection
	GlobalSection(ExtensibilityGlobals) = postSolution
		SolutionGuid = {95D99E6A-9FDD-49F1-B700-D9CA2A26CFD3}
	EndGlobalSection
EndGlobal
