
Microsoft Visual Studio Solution File, Format Version 12.00
# Visual Studio Version 16
VisualStudioVersion = 16.0.31911.196
MinimumVisualStudioVersion = 10.0.40219.1
Project("{FAE04EC0-301F-11D3-BF4B-00C04F79EFBC}") = "01.Singleton", "01.Singleton\01.Singleton.csproj", "{28341DD2-CF57-4F02-B62B-A58D2028C1EF}"
EndProject
Project("{FAE04EC0-301F-11D3-BF4B-00C04F79EFBC}") = "02.Facade", "02.Facade\02.Facade.csproj", "{9CC9144A-6BA5-4342-8744-3C0249F1CB9A}"
EndProject
Project("{FAE04EC0-301F-11D3-BF4B-00C04F79EFBC}") = "03.CommandPattern", "CommandPattern\03.CommandPattern.csproj", "{02A8A2B8-B5FA-4145-A193-58AAC1BE7FED}"
EndProject
Global
	GlobalSection(SolutionConfigurationPlatforms) = preSolution
		Debug|Any CPU = Debug|Any CPU
		Release|Any CPU = Release|Any CPU
	EndGlobalSection
	GlobalSection(ProjectConfigurationPlatforms) = postSolution
		{28341DD2-CF57-4F02-B62B-A58D2028C1EF}.Debug|Any CPU.ActiveCfg = Debug|Any CPU
		{28341DD2-CF57-4F02-B62B-A58D2028C1EF}.Debug|Any CPU.Build.0 = Debug|Any CPU
		{28341DD2-CF57-4F02-B62B-A58D2028C1EF}.Release|Any CPU.ActiveCfg = Release|Any CPU
		{28341DD2-CF57-4F02-B62B-A58D2028C1EF}.Release|Any CPU.Build.0 = Release|Any CPU
		{9CC9144A-6BA5-4342-8744-3C0249F1CB9A}.Debug|Any CPU.ActiveCfg = Debug|Any CPU
		{9CC9144A-6BA5-4342-8744-3C0249F1CB9A}.Debug|Any CPU.Build.0 = Debug|Any CPU
		{9CC9144A-6BA5-4342-8744-3C0249F1CB9A}.Release|Any CPU.ActiveCfg = Release|Any CPU
		{9CC9144A-6BA5-4342-8744-3C0249F1CB9A}.Release|Any CPU.Build.0 = Release|Any CPU
		{02A8A2B8-B5FA-4145-A193-58AAC1BE7FED}.Debug|Any CPU.ActiveCfg = Debug|Any CPU
		{02A8A2B8-B5FA-4145-A193-58AAC1BE7FED}.Debug|Any CPU.Build.0 = Debug|Any CPU
		{02A8A2B8-B5FA-4145-A193-58AAC1BE7FED}.Release|Any CPU.ActiveCfg = Release|Any CPU
		{02A8A2B8-B5FA-4145-A193-58AAC1BE7FED}.Release|Any CPU.Build.0 = Release|Any CPU
	EndGlobalSection
	GlobalSection(SolutionProperties) = preSolution
		HideSolutionNode = FALSE
	EndGlobalSection
	GlobalSection(ExtensibilityGlobals) = postSolution
		SolutionGuid = {55AF49EF-B004-48E1-934F-9BBC5A06F6EA}
	EndGlobalSection
EndGlobal
