
Microsoft Visual Studio Solution File, Format Version 12.00
# Visual Studio Version 16
VisualStudioVersion = 16.0.32228.343
MinimumVisualStudioVersion = 10.0.40219.1
Project("{9A19103F-16F7-4668-BE54-9A1E7A4F7556}") = "P01_StudentSystem", "P01_StudentSystem\P01_StudentSystem.csproj", "{19C4499F-2F87-467E-B803-036273658547}"
EndProject
Project("{FAE04EC0-301F-11D3-BF4B-00C04F79EFBC}") = "P03_FootballBetting", "P03_FootballBetting\P03_FootballBetting.csproj", "{C0590486-8B96-4ABD-9A52-EE06A92BCE1D}"
EndProject
Global
	GlobalSection(SolutionConfigurationPlatforms) = preSolution
		Debug|Any CPU = Debug|Any CPU
		Release|Any CPU = Release|Any CPU
	EndGlobalSection
	GlobalSection(ProjectConfigurationPlatforms) = postSolution
		{19C4499F-2F87-467E-B803-036273658547}.Debug|Any CPU.ActiveCfg = Debug|Any CPU
		{19C4499F-2F87-467E-B803-036273658547}.Debug|Any CPU.Build.0 = Debug|Any CPU
		{19C4499F-2F87-467E-B803-036273658547}.Release|Any CPU.ActiveCfg = Release|Any CPU
		{19C4499F-2F87-467E-B803-036273658547}.Release|Any CPU.Build.0 = Release|Any CPU
		{C0590486-8B96-4ABD-9A52-EE06A92BCE1D}.Debug|Any CPU.ActiveCfg = Debug|Any CPU
		{C0590486-8B96-4ABD-9A52-EE06A92BCE1D}.Debug|Any CPU.Build.0 = Debug|Any CPU
		{C0590486-8B96-4ABD-9A52-EE06A92BCE1D}.Release|Any CPU.ActiveCfg = Release|Any CPU
		{C0590486-8B96-4ABD-9A52-EE06A92BCE1D}.Release|Any CPU.Build.0 = Release|Any CPU
	EndGlobalSection
	GlobalSection(SolutionProperties) = preSolution
		HideSolutionNode = FALSE
	EndGlobalSection
	GlobalSection(ExtensibilityGlobals) = postSolution
		SolutionGuid = {79E63208-1DD2-47E5-869C-ABDAA37F0535}
	EndGlobalSection
EndGlobal
